
Microsoft Visual Studio Solution File, Format Version 12.00
# Visual Studio 15
VisualStudioVersion = 15.0.27703.2035
MinimumVisualStudioVersion = 10.0.40219.1
Project("{9A19103F-16F7-4668-BE54-9A1E7A4F7556}") = "Genius.Web", "Genius.Web\Genius.Web.csproj", "{7AEE6082-06BB-4EA4-B6AD-A4CBBCB46F0B}"
EndProject
Project("{9A19103F-16F7-4668-BE54-9A1E7A4F7556}") = "Genius.Models", "Genius.Models\Genius.Models.csproj", "{9ECB1817-BE1A-40E0-BB60-F7EA0FECA3BF}"
EndProject
Project("{9A19103F-16F7-4668-BE54-9A1E7A4F7556}") = "Genius.Data", "Genius.Data\Genius.Data.csproj", "{44CECF7A-5AE2-4C25-8E52-2113627A76B7}"
EndProject
Project("{9A19103F-16F7-4668-BE54-9A1E7A4F7556}") = "Genius.Services", "Genius.Services\Genius.Services.csproj", "{53772053-72C5-43B4-A2F1-8180EFEE36AB}"
EndProject
Project("{FAE04EC0-301F-11D3-BF4B-00C04F79EFBC}") = "Genius.Common", "Genius.Common\Genius.Common.csproj", "{40B295DA-39E2-431E-BB35-DA1BBC133ACE}"
EndProject
Global
	GlobalSection(SolutionConfigurationPlatforms) = preSolution
		Debug|Any CPU = Debug|Any CPU
		Release|Any CPU = Release|Any CPU
	EndGlobalSection
	GlobalSection(ProjectConfigurationPlatforms) = postSolution
		{7AEE6082-06BB-4EA4-B6AD-A4CBBCB46F0B}.Debug|Any CPU.ActiveCfg = Debug|Any CPU
		{7AEE6082-06BB-4EA4-B6AD-A4CBBCB46F0B}.Debug|Any CPU.Build.0 = Debug|Any CPU
		{7AEE6082-06BB-4EA4-B6AD-A4CBBCB46F0B}.Release|Any CPU.ActiveCfg = Release|Any CPU
		{7AEE6082-06BB-4EA4-B6AD-A4CBBCB46F0B}.Release|Any CPU.Build.0 = Release|Any CPU
		{9ECB1817-BE1A-40E0-BB60-F7EA0FECA3BF}.Debug|Any CPU.ActiveCfg = Debug|Any CPU
		{9ECB1817-BE1A-40E0-BB60-F7EA0FECA3BF}.Debug|Any CPU.Build.0 = Debug|Any CPU
		{9ECB1817-BE1A-40E0-BB60-F7EA0FECA3BF}.Release|Any CPU.ActiveCfg = Release|Any CPU
		{9ECB1817-BE1A-40E0-BB60-F7EA0FECA3BF}.Release|Any CPU.Build.0 = Release|Any CPU
		{44CECF7A-5AE2-4C25-8E52-2113627A76B7}.Debug|Any CPU.ActiveCfg = Debug|Any CPU
		{44CECF7A-5AE2-4C25-8E52-2113627A76B7}.Debug|Any CPU.Build.0 = Debug|Any CPU
		{44CECF7A-5AE2-4C25-8E52-2113627A76B7}.Release|Any CPU.ActiveCfg = Release|Any CPU
		{44CECF7A-5AE2-4C25-8E52-2113627A76B7}.Release|Any CPU.Build.0 = Release|Any CPU
		{53772053-72C5-43B4-A2F1-8180EFEE36AB}.Debug|Any CPU.ActiveCfg = Debug|Any CPU
		{53772053-72C5-43B4-A2F1-8180EFEE36AB}.Debug|Any CPU.Build.0 = Debug|Any CPU
		{53772053-72C5-43B4-A2F1-8180EFEE36AB}.Release|Any CPU.ActiveCfg = Release|Any CPU
		{53772053-72C5-43B4-A2F1-8180EFEE36AB}.Release|Any CPU.Build.0 = Release|Any CPU
		{40B295DA-39E2-431E-BB35-DA1BBC133ACE}.Debug|Any CPU.ActiveCfg = Debug|Any CPU
		{40B295DA-39E2-431E-BB35-DA1BBC133ACE}.Debug|Any CPU.Build.0 = Debug|Any CPU
		{40B295DA-39E2-431E-BB35-DA1BBC133ACE}.Release|Any CPU.ActiveCfg = Release|Any CPU
		{40B295DA-39E2-431E-BB35-DA1BBC133ACE}.Release|Any CPU.Build.0 = Release|Any CPU
	EndGlobalSection
	GlobalSection(SolutionProperties) = preSolution
		HideSolutionNode = FALSE
	EndGlobalSection
	GlobalSection(ExtensibilityGlobals) = postSolution
		SolutionGuid = {3541F0D2-7F36-4D6C-BC82-8ACD4251C401}
	EndGlobalSection
EndGlobal
